// !$*UTF8*$!
{
	archiveVersion = 1;
	classes = {
	};
	objectVersion = 55;
	objects = {

/* Begin PBXBuildFile section */
		0835240D28572A1200D7953C /* RoundedViews.swift in Sources */ = {isa = PBXBuildFile; fileRef = 0835240C28572A1200D7953C /* RoundedViews.swift */; };
		0835240F2857315200D7953C /* BackgroundView.swift in Sources */ = {isa = PBXBuildFile; fileRef = 0835240E2857315200D7953C /* BackgroundView.swift */; };
		0835241128575A1A00D7953C /* PointsView.swift in Sources */ = {isa = PBXBuildFile; fileRef = 0835241028575A1A00D7953C /* PointsView.swift */; };
		083524132857743100D7953C /* Constants.swift in Sources */ = {isa = PBXBuildFile; fileRef = 083524122857743100D7953C /* Constants.swift */; };
		08352415285779C200D7953C /* RowView.swift in Sources */ = {isa = PBXBuildFile; fileRef = 08352414285779C200D7953C /* RowView.swift */; };
		0835241728577D3400D7953C /* LeaderboardView.swift in Sources */ = {isa = PBXBuildFile; fileRef = 0835241628577D3400D7953C /* LeaderboardView.swift */; };
		085EE2632853650E0040816B /* TextViews.swift in Sources */ = {isa = PBXBuildFile; fileRef = 085EE2622853650E0040816B /* TextViews.swift */; };
		0883C931284E574C000B26C7 /* BullseyeApp.swift in Sources */ = {isa = PBXBuildFile; fileRef = 0883C930284E574C000B26C7 /* BullseyeApp.swift */; };
		0883C933284E574C000B26C7 /* ContentView.swift in Sources */ = {isa = PBXBuildFile; fileRef = 0883C932284E574C000B26C7 /* ContentView.swift */; };
		0883C935284E574F000B26C7 /* Assets.xcassets in Resources */ = {isa = PBXBuildFile; fileRef = 0883C934284E574F000B26C7 /* Assets.xcassets */; };
		0883C938284E574F000B26C7 /* Preview Assets.xcassets in Resources */ = {isa = PBXBuildFile; fileRef = 0883C937284E574F000B26C7 /* Preview Assets.xcassets */; };
		0883C942284E574F000B26C7 /* BullseyeTests.swift in Sources */ = {isa = PBXBuildFile; fileRef = 0883C941284E574F000B26C7 /* BullseyeTests.swift */; };
		0883C94C284E574F000B26C7 /* BullseyeUITests.swift in Sources */ = {isa = PBXBuildFile; fileRef = 0883C94B284E574F000B26C7 /* BullseyeUITests.swift */; };
		0883C94E284E574F000B26C7 /* BullseyeUITestsLaunchTests.swift in Sources */ = {isa = PBXBuildFile; fileRef = 0883C94D284E574F000B26C7 /* BullseyeUITestsLaunchTests.swift */; };
		08E035122850B0120036C3A4 /* Game.swift in Sources */ = {isa = PBXBuildFile; fileRef = 08E035112850B0120036C3A4 /* Game.swift */; };
/* End PBXBuildFile section */

/* Begin PBXContainerItemProxy section */
		0883C93E284E574F000B26C7 /* PBXContainerItemProxy */ = {
			isa = PBXContainerItemProxy;
			containerPortal = 0883C925284E574C000B26C7 /* Project object */;
			proxyType = 1;
			remoteGlobalIDString = 0883C92C284E574C000B26C7;
			remoteInfo = Bullseye;
		};
		0883C948284E574F000B26C7 /* PBXContainerItemProxy */ = {
			isa = PBXContainerItemProxy;
			containerPortal = 0883C925284E574C000B26C7 /* Project object */;
			proxyType = 1;
			remoteGlobalIDString = 0883C92C284E574C000B26C7;
			remoteInfo = Bullseye;
		};
/* End PBXContainerItemProxy section */

/* Begin PBXFileReference section */
		0835240C28572A1200D7953C /* RoundedViews.swift */ = {isa = PBXFileReference; lastKnownFileType = sourcecode.swift; path = RoundedViews.swift; sourceTree = "<group>"; };
		0835240E2857315200D7953C /* BackgroundView.swift */ = {isa = PBXFileReference; lastKnownFileType = sourcecode.swift; path = BackgroundView.swift; sourceTree = "<group>"; };
		0835241028575A1A00D7953C /* PointsView.swift */ = {isa = PBXFileReference; lastKnownFileType = sourcecode.swift; path = PointsView.swift; sourceTree = "<group>"; };
		083524122857743100D7953C /* Constants.swift */ = {isa = PBXFileReference; lastKnownFileType = sourcecode.swift; path = Constants.swift; sourceTree = "<group>"; };
		08352414285779C200D7953C /* RowView.swift */ = {isa = PBXFileReference; lastKnownFileType = sourcecode.swift; path = RowView.swift; sourceTree = "<group>"; };
		0835241628577D3400D7953C /* LeaderboardView.swift */ = {isa = PBXFileReference; lastKnownFileType = sourcecode.swift; path = LeaderboardView.swift; sourceTree = "<group>"; };
		085EE2622853650E0040816B /* TextViews.swift */ = {isa = PBXFileReference; lastKnownFileType = sourcecode.swift; path = TextViews.swift; sourceTree = "<group>"; };
		0883C92D284E574C000B26C7 /* Bull's eye.app */ = {isa = PBXFileReference; explicitFileType = wrapper.application; includeInIndex = 0; path = "Bull's eye.app"; sourceTree = BUILT_PRODUCTS_DIR; };
		0883C930284E574C000B26C7 /* BullseyeApp.swift */ = {isa = PBXFileReference; lastKnownFileType = sourcecode.swift; path = BullseyeApp.swift; sourceTree = "<group>"; };
		0883C932284E574C000B26C7 /* ContentView.swift */ = {isa = PBXFileReference; lastKnownFileType = sourcecode.swift; path = ContentView.swift; sourceTree = "<group>"; };
		0883C934284E574F000B26C7 /* Assets.xcassets */ = {isa = PBXFileReference; lastKnownFileType = folder.assetcatalog; path = Assets.xcassets; sourceTree = "<group>"; };
		0883C937284E574F000B26C7 /* Preview Assets.xcassets */ = {isa = PBXFileReference; lastKnownFileType = folder.assetcatalog; path = "Preview Assets.xcassets"; sourceTree = "<group>"; };
		0883C93D284E574F000B26C7 /* BullseyeTests.xctest */ = {isa = PBXFileReference; explicitFileType = wrapper.cfbundle; includeInIndex = 0; path = BullseyeTests.xctest; sourceTree = BUILT_PRODUCTS_DIR; };
		0883C941284E574F000B26C7 /* BullseyeTests.swift */ = {isa = PBXFileReference; lastKnownFileType = sourcecode.swift; path = BullseyeTests.swift; sourceTree = "<group>"; };
		0883C947284E574F000B26C7 /* BullseyeUITests.xctest */ = {isa = PBXFileReference; explicitFileType = wrapper.cfbundle; includeInIndex = 0; path = BullseyeUITests.xctest; sourceTree = BUILT_PRODUCTS_DIR; };
		0883C94B284E574F000B26C7 /* BullseyeUITests.swift */ = {isa = PBXFileReference; lastKnownFileType = sourcecode.swift; path = BullseyeUITests.swift; sourceTree = "<group>"; };
		0883C94D284E574F000B26C7 /* BullseyeUITestsLaunchTests.swift */ = {isa = PBXFileReference; lastKnownFileType = sourcecode.swift; path = BullseyeUITestsLaunchTests.swift; sourceTree = "<group>"; };
		08E035112850B0120036C3A4 /* Game.swift */ = {isa = PBXFileReference; lastKnownFileType = sourcecode.swift; path = Game.swift; sourceTree = "<group>"; };
/* End PBXFileReference section */

/* Begin PBXFrameworksBuildPhase section */
		0883C92A284E574C000B26C7 /* Frameworks */ = {
			isa = PBXFrameworksBuildPhase;
			buildActionMask = 2147483647;
			files = (
			);
			runOnlyForDeploymentPostprocessing = 0;
		};
		0883C93A284E574F000B26C7 /* Frameworks */ = {
			isa = PBXFrameworksBuildPhase;
			buildActionMask = 2147483647;
			files = (
			);
			runOnlyForDeploymentPostprocessing = 0;
		};
		0883C944284E574F000B26C7 /* Frameworks */ = {
			isa = PBXFrameworksBuildPhase;
			buildActionMask = 2147483647;
			files = (
			);
			runOnlyForDeploymentPostprocessing = 0;
		};
/* End PBXFrameworksBuildPhase section */

/* Begin PBXGroup section */
		0883C924284E574C000B26C7 = {
			isa = PBXGroup;
			children = (
				0883C92F284E574C000B26C7 /* Bullseye */,
				0883C940284E574F000B26C7 /* BullseyeTests */,
				0883C92E284E574C000B26C7 /* Products */,
			);
			sourceTree = "<group>";
		};
		0883C92E284E574C000B26C7 /* Products */ = {
			isa = PBXGroup;
			children = (
				0883C92D284E574C000B26C7 /* Bull's eye.app */,
				0883C93D284E574F000B26C7 /* BullseyeTests.xctest */,
				0883C947284E574F000B26C7 /* BullseyeUITests.xctest */,
			);
			name = Products;
			sourceTree = "<group>";
		};
		0883C92F284E574C000B26C7 /* Bullseye */ = {
			isa = PBXGroup;
			children = (
				08E0350E2850AF2B0036C3A4 /* App */,
				08E0350C2850AF0E0036C3A4 /* Models */,
				0883C936284E574F000B26C7 /* Preview Content */,
				08E0350D2850AF200036C3A4 /* Views */,
			);
			path = Bullseye;
			sourceTree = "<group>";
		};
		0883C936284E574F000B26C7 /* Preview Content */ = {
			isa = PBXGroup;
			children = (
				0883C937284E574F000B26C7 /* Preview Assets.xcassets */,
			);
			path = "Preview Content";
			sourceTree = "<group>";
		};
		0883C940284E574F000B26C7 /* BullseyeTests */ = {
			isa = PBXGroup;
			children = (
				0883C94A284E574F000B26C7 /* BullseyeUITests */,
				0883C941284E574F000B26C7 /* BullseyeTests.swift */,
			);
			path = BullseyeTests;
			sourceTree = "<group>";
		};
		0883C94A284E574F000B26C7 /* BullseyeUITests */ = {
			isa = PBXGroup;
			children = (
				0883C94B284E574F000B26C7 /* BullseyeUITests.swift */,
				0883C94D284E574F000B26C7 /* BullseyeUITestsLaunchTests.swift */,
			);
			path = BullseyeUITests;
			sourceTree = "<group>";
		};
		08E0350C2850AF0E0036C3A4 /* Models */ = {
			isa = PBXGroup;
			children = (
				08E035112850B0120036C3A4 /* Game.swift */,
				083524122857743100D7953C /* Constants.swift */,
			);
			path = Models;
			sourceTree = "<group>";
		};
		08E0350D2850AF200036C3A4 /* Views */ = {
			isa = PBXGroup;
			children = (
				0883C932284E574C000B26C7 /* ContentView.swift */,
				085EE2622853650E0040816B /* TextViews.swift */,
				0835240C28572A1200D7953C /* RoundedViews.swift */,
				0835240E2857315200D7953C /* BackgroundView.swift */,
				0835241028575A1A00D7953C /* PointsView.swift */,
				08352414285779C200D7953C /* RowView.swift */,
				0835241628577D3400D7953C /* LeaderboardView.swift */,
			);
			path = Views;
			sourceTree = "<group>";
		};
		08E0350E2850AF2B0036C3A4 /* App */ = {
			isa = PBXGroup;
			children = (
				0883C930284E574C000B26C7 /* BullseyeApp.swift */,
				0883C934284E574F000B26C7 /* Assets.xcassets */,
			);
			path = App;
			sourceTree = "<group>";
		};
/* End PBXGroup section */

/* Begin PBXNativeTarget section */
		0883C92C284E574C000B26C7 /* Bullseye */ = {
			isa = PBXNativeTarget;
			buildConfigurationList = 0883C951284E574F000B26C7 /* Build configuration list for PBXNativeTarget "Bullseye" */;
			buildPhases = (
				0883C929284E574C000B26C7 /* Sources */,
				0883C92A284E574C000B26C7 /* Frameworks */,
				0883C92B284E574C000B26C7 /* Resources */,
			);
			buildRules = (
			);
			dependencies = (
			);
			name = Bullseye;
			productName = Bullseye;
			productReference = 0883C92D284E574C000B26C7 /* Bull's eye.app */;
			productType = "com.apple.product-type.application";
		};
		0883C93C284E574F000B26C7 /* BullseyeTests */ = {
			isa = PBXNativeTarget;
			buildConfigurationList = 0883C954284E574F000B26C7 /* Build configuration list for PBXNativeTarget "BullseyeTests" */;
			buildPhases = (
				0883C939284E574F000B26C7 /* Sources */,
				0883C93A284E574F000B26C7 /* Frameworks */,
				0883C93B284E574F000B26C7 /* Resources */,
			);
			buildRules = (
			);
			dependencies = (
				0883C93F284E574F000B26C7 /* PBXTargetDependency */,
			);
			name = BullseyeTests;
			productName = BullseyeTests;
			productReference = 0883C93D284E574F000B26C7 /* BullseyeTests.xctest */;
			productType = "com.apple.product-type.bundle.unit-test";
		};
		0883C946284E574F000B26C7 /* BullseyeUITests */ = {
			isa = PBXNativeTarget;
			buildConfigurationList = 0883C957284E574F000B26C7 /* Build configuration list for PBXNativeTarget "BullseyeUITests" */;
			buildPhases = (
				0883C943284E574F000B26C7 /* Sources */,
				0883C944284E574F000B26C7 /* Frameworks */,
				0883C945284E574F000B26C7 /* Resources */,
			);
			buildRules = (
			);
			dependencies = (
				0883C949284E574F000B26C7 /* PBXTargetDependency */,
			);
			name = BullseyeUITests;
			productName = BullseyeUITests;
			productReference = 0883C947284E574F000B26C7 /* BullseyeUITests.xctest */;
			productType = "com.apple.product-type.bundle.ui-testing";
		};
/* End PBXNativeTarget section */

/* Begin PBXProject section */
		0883C925284E574C000B26C7 /* Project object */ = {
			isa = PBXProject;
			attributes = {
				BuildIndependentTargetsInParallel = 1;
				LastSwiftUpdateCheck = 1330;
				LastUpgradeCheck = 1330;
				TargetAttributes = {
					0883C92C284E574C000B26C7 = {
						CreatedOnToolsVersion = 13.3;
					};
					0883C93C284E574F000B26C7 = {
						CreatedOnToolsVersion = 13.3;
						TestTargetID = 0883C92C284E574C000B26C7;
					};
					0883C946284E574F000B26C7 = {
						CreatedOnToolsVersion = 13.3;
						TestTargetID = 0883C92C284E574C000B26C7;
					};
				};
			};
			buildConfigurationList = 0883C928284E574C000B26C7 /* Build configuration list for PBXProject "Bullseye" */;
			compatibilityVersion = "Xcode 13.0";
			developmentRegion = en;
			hasScannedForEncodings = 0;
			knownRegions = (
				en,
				Base,
			);
			mainGroup = 0883C924284E574C000B26C7;
			productRefGroup = 0883C92E284E574C000B26C7 /* Products */;
			projectDirPath = "";
			projectRoot = "";
			targets = (
				0883C92C284E574C000B26C7 /* Bullseye */,
				0883C93C284E574F000B26C7 /* BullseyeTests */,
				0883C946284E574F000B26C7 /* BullseyeUITests */,
			);
		};
/* End PBXProject section */

/* Begin PBXResourcesBuildPhase section */
		0883C92B284E574C000B26C7 /* Resources */ = {
			isa = PBXResourcesBuildPhase;
			buildActionMask = 2147483647;
			files = (
				0883C938284E574F000B26C7 /* Preview Assets.xcassets in Resources */,
				0883C935284E574F000B26C7 /* Assets.xcassets in Resources */,
			);
			runOnlyForDeploymentPostprocessing = 0;
		};
		0883C93B284E574F000B26C7 /* Resources */ = {
			isa = PBXResourcesBuildPhase;
			buildActionMask = 2147483647;
			files = (
			);
			runOnlyForDeploymentPostprocessing = 0;
		};
		0883C945284E574F000B26C7 /* Resources */ = {
			isa = PBXResourcesBuildPhase;
			buildActionMask = 2147483647;
			files = (
			);
			runOnlyForDeploymentPostprocessing = 0;
		};
/* End PBXResourcesBuildPhase section */

/* Begin PBXSourcesBuildPhase section */
		0883C929284E574C000B26C7 /* Sources */ = {
			isa = PBXSourcesBuildPhase;
			buildActionMask = 2147483647;
			files = (
				0835241728577D3400D7953C /* LeaderboardView.swift in Sources */,
				0835240F2857315200D7953C /* BackgroundView.swift in Sources */,
				0883C933284E574C000B26C7 /* ContentView.swift in Sources */,
				08E035122850B0120036C3A4 /* Game.swift in Sources */,
				083524132857743100D7953C /* Constants.swift in Sources */,
				08352415285779C200D7953C /* RowView.swift in Sources */,
				0835240D28572A1200D7953C /* RoundedViews.swift in Sources */,
				0835241128575A1A00D7953C /* PointsView.swift in Sources */,
				0883C931284E574C000B26C7 /* BullseyeApp.swift in Sources */,
				085EE2632853650E0040816B /* TextViews.swift in Sources */,
			);
			runOnlyForDeploymentPostprocessing = 0;
		};
		0883C939284E574F000B26C7 /* Sources */ = {
			isa = PBXSourcesBuildPhase;
			buildActionMask = 2147483647;
			files = (
				0883C942284E574F000B26C7 /* BullseyeTests.swift in Sources */,
			);
			runOnlyForDeploymentPostprocessing = 0;
		};
		0883C943284E574F000B26C7 /* Sources */ = {
			isa = PBXSourcesBuildPhase;
			buildActionMask = 2147483647;
			files = (
				0883C94E284E574F000B26C7 /* BullseyeUITestsLaunchTests.swift in Sources */,
				0883C94C284E574F000B26C7 /* BullseyeUITests.swift in Sources */,
			);
			runOnlyForDeploymentPostprocessing = 0;
		};
/* End PBXSourcesBuildPhase section */

/* Begin PBXTargetDependency section */
		0883C93F284E574F000B26C7 /* PBXTargetDependency */ = {
			isa = PBXTargetDependency;
			target = 0883C92C284E574C000B26C7 /* Bullseye */;
			targetProxy = 0883C93E284E574F000B26C7 /* PBXContainerItemProxy */;
		};
		0883C949284E574F000B26C7 /* PBXTargetDependency */ = {
			isa = PBXTargetDependency;
			target = 0883C92C284E574C000B26C7 /* Bullseye */;
			targetProxy = 0883C948284E574F000B26C7 /* PBXContainerItemProxy */;
		};
/* End PBXTargetDependency section */

/* Begin XCBuildConfiguration section */
		0883C94F284E574F000B26C7 /* Debug */ = {
			isa = XCBuildConfiguration;
			buildSettings = {
				ALWAYS_SEARCH_USER_PATHS = NO;
				CLANG_ANALYZER_NONNULL = YES;
				CLANG_ANALYZER_NUMBER_OBJECT_CONVERSION = YES_AGGRESSIVE;
				CLANG_CXX_LANGUAGE_STANDARD = "gnu++17";
				CLANG_ENABLE_MODULES = YES;
				CLANG_ENABLE_OBJC_ARC = YES;
				CLANG_ENABLE_OBJC_WEAK = YES;
				CLANG_WARN_BLOCK_CAPTURE_AUTORELEASING = YES;
				CLANG_WARN_BOOL_CONVERSION = YES;
				CLANG_WARN_COMMA = YES;
				CLANG_WARN_CONSTANT_CONVERSION = YES;
				CLANG_WARN_DEPRECATED_OBJC_IMPLEMENTATIONS = YES;
				CLANG_WARN_DIRECT_OBJC_ISA_USAGE = YES_ERROR;
				CLANG_WARN_DOCUMENTATION_COMMENTS = YES;
				CLANG_WARN_EMPTY_BODY = YES;
				CLANG_WARN_ENUM_CONVERSION = YES;
				CLANG_WARN_INFINITE_RECURSION = YES;
				CLANG_WARN_INT_CONVERSION = YES;
				CLANG_WARN_NON_LITERAL_NULL_CONVERSION = YES;
				CLANG_WARN_OBJC_IMPLICIT_RETAIN_SELF = YES;
				CLANG_WARN_OBJC_LITERAL_CONVERSION = YES;
				CLANG_WARN_OBJC_ROOT_CLASS = YES_ERROR;
				CLANG_WARN_QUOTED_INCLUDE_IN_FRAMEWORK_HEADER = YES;
				CLANG_WARN_RANGE_LOOP_ANALYSIS = YES;
				CLANG_WARN_STRICT_PROTOTYPES = YES;
				CLANG_WARN_SUSPICIOUS_MOVE = YES;
				CLANG_WARN_UNGUARDED_AVAILABILITY = YES_AGGRESSIVE;
				CLANG_WARN_UNREACHABLE_CODE = YES;
				CLANG_WARN__DUPLICATE_METHOD_MATCH = YES;
				COPY_PHASE_STRIP = NO;
				DEBUG_INFORMATION_FORMAT = dwarf;
				ENABLE_STRICT_OBJC_MSGSEND = YES;
				ENABLE_TESTABILITY = YES;
				GCC_C_LANGUAGE_STANDARD = gnu11;
				GCC_DYNAMIC_NO_PIC = NO;
				GCC_NO_COMMON_BLOCKS = YES;
				GCC_OPTIMIZATION_LEVEL = 0;
				GCC_PREPROCESSOR_DEFINITIONS = (
					"DEBUG=1",
					"$(inherited)",
				);
				GCC_WARN_64_TO_32_BIT_CONVERSION = YES;
				GCC_WARN_ABOUT_RETURN_TYPE = YES_ERROR;
				GCC_WARN_UNDECLARED_SELECTOR = YES;
				GCC_WARN_UNINITIALIZED_AUTOS = YES_AGGRESSIVE;
				GCC_WARN_UNUSED_FUNCTION = YES;
				GCC_WARN_UNUSED_VARIABLE = YES;
				IPHONEOS_DEPLOYMENT_TARGET = 15.4;
				MTL_ENABLE_DEBUG_INFO = INCLUDE_SOURCE;
				MTL_FAST_MATH = YES;
				ONLY_ACTIVE_ARCH = YES;
				SDKROOT = iphoneos;
				SWIFT_ACTIVE_COMPILATION_CONDITIONS = DEBUG;
				SWIFT_OPTIMIZATION_LEVEL = "-Onone";
			};
			name = Debug;
		};
		0883C950284E574F000B26C7 /* Release */ = {
			isa = XCBuildConfiguration;
			buildSettings = {
				ALWAYS_SEARCH_USER_PATHS = NO;
				CLANG_ANALYZER_NONNULL = YES;
				CLANG_ANALYZER_NUMBER_OBJECT_CONVERSION = YES_AGGRESSIVE;
				CLANG_CXX_LANGUAGE_STANDARD = "gnu++17";
				CLANG_ENABLE_MODULES = YES;
				CLANG_ENABLE_OBJC_ARC = YES;
				CLANG_ENABLE_OBJC_WEAK = YES;
				CLANG_WARN_BLOCK_CAPTURE_AUTORELEASING = YES;
				CLANG_WARN_BOOL_CONVERSION = YES;
				CLANG_WARN_COMMA = YES;
				CLANG_WARN_CONSTANT_CONVERSION = YES;
				CLANG_WARN_DEPRECATED_OBJC_IMPLEMENTATIONS = YES;
				CLANG_WARN_DIRECT_OBJC_ISA_USAGE = YES_ERROR;
				CLANG_WARN_DOCUMENTATION_COMMENTS = YES;
				CLANG_WARN_EMPTY_BODY = YES;
				CLANG_WARN_ENUM_CONVERSION = YES;
				CLANG_WARN_INFINITE_RECURSION = YES;
				CLANG_WARN_INT_CONVERSION = YES;
				CLANG_WARN_NON_LITERAL_NULL_CONVERSION = YES;
				CLANG_WARN_OBJC_IMPLICIT_RETAIN_SELF = YES;
				CLANG_WARN_OBJC_LITERAL_CONVERSION = YES;
				CLANG_WARN_OBJC_ROOT_CLASS = YES_ERROR;
				CLANG_WARN_QUOTED_INCLUDE_IN_FRAMEWORK_HEADER = YES;
				CLANG_WARN_RANGE_LOOP_ANALYSIS = YES;
				CLANG_WARN_STRICT_PROTOTYPES = YES;
				CLANG_WARN_SUSPICIOUS_MOVE = YES;
				CLANG_WARN_UNGUARDED_AVAILABILITY = YES_AGGRESSIVE;
				CLANG_WARN_UNREACHABLE_CODE = YES;
				CLANG_WARN__DUPLICATE_METHOD_MATCH = YES;
				COPY_PHASE_STRIP = NO;
				DEBUG_INFORMATION_FORMAT = "dwarf-with-dsym";
				ENABLE_NS_ASSERTIONS = NO;
				ENABLE_STRICT_OBJC_MSGSEND = YES;
				GCC_C_LANGUAGE_STANDARD = gnu11;
				GCC_NO_COMMON_BLOCKS = YES;
				GCC_WARN_64_TO_32_BIT_CONVERSION = YES;
				GCC_WARN_ABOUT_RETURN_TYPE = YES_ERROR;
				GCC_WARN_UNDECLARED_SELECTOR = YES;
				GCC_WARN_UNINITIALIZED_AUTOS = YES_AGGRESSIVE;
				GCC_WARN_UNUSED_FUNCTION = YES;
				GCC_WARN_UNUSED_VARIABLE = YES;
				IPHONEOS_DEPLOYMENT_TARGET = 15.4;
				MTL_ENABLE_DEBUG_INFO = NO;
				MTL_FAST_MATH = YES;
				SDKROOT = iphoneos;
				SWIFT_COMPILATION_MODE = wholemodule;
				SWIFT_OPTIMIZATION_LEVEL = "-O";
				VALIDATE_PRODUCT = YES;
			};
			name = Release;
		};
		0883C952284E574F000B26C7 /* Debug */ = {
			isa = XCBuildConfiguration;
			buildSettings = {
				ASSETCATALOG_COMPILER_APPICON_NAME = AppIcon;
				ASSETCATALOG_COMPILER_GLOBAL_ACCENT_COLOR_NAME = AccentColor;
				CODE_SIGN_STYLE = Automatic;
				CURRENT_PROJECT_VERSION = 1;
				DEVELOPMENT_ASSET_PATHS = "\"Bullseye/Preview Content\"";
				DEVELOPMENT_TEAM = "";
				ENABLE_PREVIEWS = YES;
				GENERATE_INFOPLIST_FILE = YES;
				INFOPLIST_FILE = "";
				INFOPLIST_KEY_UIApplicationSceneManifest_Generation = YES;
				INFOPLIST_KEY_UIApplicationSupportsIndirectInputEvents = YES;
				INFOPLIST_KEY_UILaunchScreen_Generation = YES;
				INFOPLIST_KEY_UISupportedInterfaceOrientations_iPad = "UIInterfaceOrientationPortrait UIInterfaceOrientationPortraitUpsideDown UIInterfaceOrientationLandscapeLeft UIInterfaceOrientationLandscapeRight";
				INFOPLIST_KEY_UISupportedInterfaceOrientations_iPhone = "UIInterfaceOrientationPortrait UIInterfaceOrientationLandscapeLeft UIInterfaceOrientationLandscapeRight";
				LD_RUNPATH_SEARCH_PATHS = (
					"$(inherited)",
					"@executable_path/Frameworks",
				);
				MARKETING_VERSION = 1.0;
				PRODUCT_BUNDLE_IDENTIFIER = alinacostache.Bullseye;
				PRODUCT_NAME = "Bull's eye";
				SWIFT_EMIT_LOC_STRINGS = YES;
				SWIFT_VERSION = 5.0;
				TARGETED_DEVICE_FAMILY = "1,2";
			};
			name = Debug;
		};
		0883C953284E574F000B26C7 /* Release */ = {
			isa = XCBuildConfiguration;
			buildSettings = {
				ASSETCATALOG_COMPILER_APPICON_NAME = AppIcon;
				ASSETCATALOG_COMPILER_GLOBAL_ACCENT_COLOR_NAME = AccentColor;
				CODE_SIGN_STYLE = Automatic;
				CURRENT_PROJECT_VERSION = 1;
				DEVELOPMENT_ASSET_PATHS = "\"Bullseye/Preview Content\"";
				DEVELOPMENT_TEAM = "";
				ENABLE_PREVIEWS = YES;
				GENERATE_INFOPLIST_FILE = YES;
				INFOPLIST_FILE = "";
				INFOPLIST_KEY_UIApplicationSceneManifest_Generation = YES;
				INFOPLIST_KEY_UIApplicationSupportsIndirectInputEvents = YES;
				INFOPLIST_KEY_UILaunchScreen_Generation = YES;
				INFOPLIST_KEY_UISupportedInterfaceOrientations_iPad = "UIInterfaceOrientationPortrait UIInterfaceOrientationPortraitUpsideDown UIInterfaceOrientationLandscapeLeft UIInterfaceOrientationLandscapeRight";
				INFOPLIST_KEY_UISupportedInterfaceOrientations_iPhone = "UIInterfaceOrientationPortrait UIInterfaceOrientationLandscapeLeft UIInterfaceOrientationLandscapeRight";
				LD_RUNPATH_SEARCH_PATHS = (
					"$(inherited)",
					"@executable_path/Frameworks",
				);
				MARKETING_VERSION = 1.0;
				PRODUCT_BUNDLE_IDENTIFIER = alinacostache.Bullseye;
				PRODUCT_NAME = "Bull's eye";
				SWIFT_EMIT_LOC_STRINGS = YES;
				SWIFT_VERSION = 5.0;
				TARGETED_DEVICE_FAMILY = "1,2";
			};
			name = Release;
		};
		0883C955284E574F000B26C7 /* Debug */ = {
			isa = XCBuildConfiguration;
			buildSettings = {
				ALWAYS_EMBED_SWIFT_STANDARD_LIBRARIES = YES;
				BUNDLE_LOADER = "$(TEST_HOST)";
				CODE_SIGN_STYLE = Automatic;
				CURRENT_PROJECT_VERSION = 1;
				GENERATE_INFOPLIST_FILE = YES;
				IPHONEOS_DEPLOYMENT_TARGET = 15.4;
				MARKETING_VERSION = 1.0;
				PRODUCT_BUNDLE_IDENTIFIER = alinacostache.BullseyeTests;
				PRODUCT_NAME = "$(TARGET_NAME)";
				SWIFT_EMIT_LOC_STRINGS = NO;
				SWIFT_VERSION = 5.0;
				TARGETED_DEVICE_FAMILY = "1,2";
				TEST_HOST = "$(BUILT_PRODUCTS_DIR)/Bullseye.app/Bullseye";
			};
			name = Debug;
		};
		0883C956284E574F000B26C7 /* Release */ = {
			isa = XCBuildConfiguration;
			buildSettings = {
				ALWAYS_EMBED_SWIFT_STANDARD_LIBRARIES = YES;
				BUNDLE_LOADER = "$(TEST_HOST)";
				CODE_SIGN_STYLE = Automatic;
				CURRENT_PROJECT_VERSION = 1;
				GENERATE_INFOPLIST_FILE = YES;
				IPHONEOS_DEPLOYMENT_TARGET = 15.4;
				MARKETING_VERSION = 1.0;
				PRODUCT_BUNDLE_IDENTIFIER = alinacostache.BullseyeTests;
				PRODUCT_NAME = "$(TARGET_NAME)";
				SWIFT_EMIT_LOC_STRINGS = NO;
				SWIFT_VERSION = 5.0;
				TARGETED_DEVICE_FAMILY = "1,2";
				TEST_HOST = "$(BUILT_PRODUCTS_DIR)/Bullseye.app/Bullseye";
			};
			name = Release;
		};
		0883C958284E574F000B26C7 /* Debug */ = {
			isa = XCBuildConfiguration;
			buildSettings = {
				ALWAYS_EMBED_SWIFT_STANDARD_LIBRARIES = YES;
				CODE_SIGN_STYLE = Automatic;
				CURRENT_PROJECT_VERSION = 1;
				GENERATE_INFOPLIST_FILE = YES;
				MARKETING_VERSION = 1.0;
				PRODUCT_BUNDLE_IDENTIFIER = alinacostache.BullseyeUITests;
				PRODUCT_NAME = "$(TARGET_NAME)";
				SWIFT_EMIT_LOC_STRINGS = NO;
				SWIFT_VERSION = 5.0;
				TARGETED_DEVICE_FAMILY = "1,2";
				TEST_TARGET_NAME = Bullseye;
			};
			name = Debug;
		};
		0883C959284E574F000B26C7 /* Release */ = {
			isa = XCBuildConfiguration;
			buildSettings = {
				ALWAYS_EMBED_SWIFT_STANDARD_LIBRARIES = YES;
				CODE_SIGN_STYLE = Automatic;
				CURRENT_PROJECT_VERSION = 1;
				GENERATE_INFOPLIST_FILE = YES;
				MARKETING_VERSION = 1.0;
				PRODUCT_BUNDLE_IDENTIFIER = alinacostache.BullseyeUITests;
				PRODUCT_NAME = "$(TARGET_NAME)";
				SWIFT_EMIT_LOC_STRINGS = NO;
				SWIFT_VERSION = 5.0;
				TARGETED_DEVICE_FAMILY = "1,2";
				TEST_TARGET_NAME = Bullseye;
			};
			name = Release;
		};
/* End XCBuildConfiguration section */

/* Begin XCConfigurationList section */
		0883C928284E574C000B26C7 /* Build configuration list for PBXProject "Bullseye" */ = {
			isa = XCConfigurationList;
			buildConfigurations = (
				0883C94F284E574F000B26C7 /* Debug */,
				0883C950284E574F000B26C7 /* Release */,
			);
			defaultConfigurationIsVisible = 0;
			defaultConfigurationName = Release;
		};
		0883C951284E574F000B26C7 /* Build configuration list for PBXNativeTarget "Bullseye" */ = {
			isa = XCConfigurationList;
			buildConfigurations = (
				0883C952284E574F000B26C7 /* Debug */,
				0883C953284E574F000B26C7 /* Release */,
			);
			defaultConfigurationIsVisible = 0;
			defaultConfigurationName = Release;
		};
		0883C954284E574F000B26C7 /* Build configuration list for PBXNativeTarget "BullseyeTests" */ = {
			isa = XCConfigurationList;
			buildConfigurations = (
				0883C955284E574F000B26C7 /* Debug */,
				0883C956284E574F000B26C7 /* Release */,
			);
			defaultConfigurationIsVisible = 0;
			defaultConfigurationName = Release;
		};
		0883C957284E574F000B26C7 /* Build configuration list for PBXNativeTarget "BullseyeUITests" */ = {
			isa = XCConfigurationList;
			buildConfigurations = (
				0883C958284E574F000B26C7 /* Debug */,
				0883C959284E574F000B26C7 /* Release */,
			);
			defaultConfigurationIsVisible = 0;
			defaultConfigurationName = Release;
		};
/* End XCConfigurationList section */
	};
	rootObject = 0883C925284E574C000B26C7 /* Project object */;
}
